lockVersion: 2.0.0
id: 0dd544ca-3933-4c41-a5b5-b9a57ec94099
management:
  docChecksum: 0705bb8d3c7be892a2ae0c172da62bcd
  docVersion: 0.0.1
  speakeasyVersion: 1.568.2
  generationVersion: 2.634.2
  releaseVersion: 0.0.1-beta.1
  configChecksum: 0c30c30124adca05d6549d35658b94bf
features:
  mcp-typescript:
    additionalDependencies: 0.1.0
    constsAndDefaults: 0.1.0
    core: 0.1.2
    defaultEnabledRetries: 0.1.0
    enumUnions: 0.1.0
    globalSecurity: 0.1.0
    globalSecurityCallbacks: 0.0.0
    globalServerURLs: 0.1.0
    nullables: 0.1.0
    responseFormat: 0.1.0
    retries: 0.1.0
    sdkHooks: 0.1.0
    unions: 0.1.0
generatedFiles:
  - .gitattributes
  - .npmignore
  - eslint.config.mjs
  - package.json
  - src/core.ts
  - src/funcs/Alerts_list_alerts.ts
  - src/funcs/Incidents_create_incident.ts
  - src/funcs/Incidents_list_incidents.ts
  - src/funcs/Retrospectives_list_incident_retrospectives.ts
  - src/funcs/Retrospectives_update_incident_retrospective_field.ts
  - src/hooks/hooks.ts
  - src/hooks/types.ts
  - src/lib/base64.ts
  - src/lib/config.ts
  - src/lib/dlv.ts
  - src/lib/encodings.ts
  - src/lib/files.ts
  - src/lib/http.ts
  - src/lib/is-plain-object.ts
  - src/lib/logger.ts
  - src/lib/matchers.ts
  - src/lib/primitives.ts
  - src/lib/result.ts
  - src/lib/retries.ts
  - src/lib/schemas.ts
  - src/lib/sdks.ts
  - src/lib/security.ts
  - src/lib/url.ts
  - src/mcp-server/build.mts
  - src/mcp-server/cli.ts
  - src/mcp-server/cli/start/command.ts
  - src/mcp-server/cli/start/impl.ts
  - src/mcp-server/console-logger.ts
  - src/mcp-server/extensions.ts
  - src/mcp-server/mcp-server.ts
  - src/mcp-server/prompts.ts
  - src/mcp-server/resources.ts
  - src/mcp-server/scopes.ts
  - src/mcp-server/server.ts
  - src/mcp-server/shared.ts
  - src/mcp-server/tools.ts
  - src/mcp-server/tools/Alerts_list_alerts.ts
  - src/mcp-server/tools/Incidents_create_incident.ts
  - src/mcp-server/tools/Incidents_list_incidents.ts
  - src/mcp-server/tools/Retrospectives_list_incident_retrospectives.ts
  - src/mcp-server/tools/Retrospectives_update_incident_retrospective_field.ts
  - src/models/alertsalertentity.ts
  - src/models/alertsalertentitypaginated.ts
  - src/models/alertssirenalertentity.ts
  - src/models/alertssirenevententity.ts
  - src/models/authorentity.ts
  - src/models/conversationsapientitiesreference.ts
  - src/models/createincident.ts
  - src/models/createincidentop.ts
  - src/models/customfieldsfieldvalue.ts
  - src/models/errors/apierror.ts
  - src/models/errors/httpclienterrors.ts
  - src/models/errors/sdkvalidationerror.ts
  - src/models/incidententity.ts
  - src/models/incidententityfieldrequiremententity.ts
  - src/models/incidententitypaginated.ts
  - src/models/incidentschannelentity.ts
  - src/models/incidentsconferencebridgeentity.ts
  - src/models/incidentsimpactentity.ts
  - src/models/incidentslifecyclemeasuremententity.ts
  - src/models/incidentslifecyclemilestoneentity.ts
  - src/models/incidentslifecyclephaseentity.ts
  - src/models/incidentsmilestoneentity.ts
  - src/models/incidentsretrospectiveentity.ts
  - src/models/incidentsretrospectiveentitypaginated.ts
  - src/models/incidentsretrospectiveentitysectionentity.ts
  - src/models/incidentsretrospectivefieldentity.ts
  - src/models/incidentsroleassignmententity.ts
  - src/models/incidentsstatuspageentity.ts
  - src/models/incidentsteamassignmententitylite.ts
  - src/models/listalertsop.ts
  - src/models/listincidentretrospectivesop.ts
  - src/models/listincidentsop.ts
  - src/models/nullableattachmentslinkentity.ts
  - src/models/nullableauthorentity.ts
  - src/models/nullableconversationsapientitieschannel.ts
  - src/models/nullableeventnoteentity.ts
  - src/models/nullableincidentroleentity.ts
  - src/models/nullableincidentscontextobjectentity.ts
  - src/models/nullableintegrationentity.ts
  - src/models/nullableorganizationentity.ts
  - src/models/nullablepaginationentity.ts
  - src/models/nullableseveritymatrixconditionentity.ts
  - src/models/nullableseveritymatriximpactentity.ts
  - src/models/nullablesignalsapiruleentity.ts
  - src/models/nullablesignalsapitargetentity.ts
  - src/models/nullablesuccinctentity.ts
  - src/models/nullableteamentitylite.ts
  - src/models/nullableticketingpriorityentity.ts
  - src/models/nullableticketingticketentity.ts
  - src/models/nullableuserentity.ts
  - src/models/publicapiv1incidentssuccinctentity.ts
  - src/models/security.ts
  - src/models/succinctentity.ts
  - src/models/ticketingticketentity.ts
  - src/models/updateincidentretrospectivefield.ts
  - src/models/updateincidentretrospectivefieldop.ts
  - src/types/async.ts
  - src/types/blobs.ts
  - src/types/enums.ts
  - src/types/fp.ts
  - src/types/rfcdate.ts
  - src/types/streams.ts
  - tsconfig.json
examplesVersion: 1.0.2
generatedTests: {}
