speakeasyVersion: 1.596.1
sources:
    FireHydrant-OAS:
        sourceNamespace: fire-hydrant-mcp-oas
        sourceRevisionDigest: sha256:32c9dd947581f3ac4be73a68309064376006f5919ee84456bb0562c80374dda6
        sourceBlobDigest: sha256:058f789bd2285f3893a9f3346d36ba2100223b1e67feac7d604bd1241c0e9fdd
        tags:
            - latest
            - 0.0.1
targets:
    fire-hydrant:
        source: FireHydrant-OAS
        sourceNamespace: fire-hydrant-mcp-oas
        sourceRevisionDigest: sha256:32c9dd947581f3ac4be73a68309064376006f5919ee84456bb0562c80374dda6
        sourceBlobDigest: sha256:058f789bd2285f3893a9f3346d36ba2100223b1e67feac7d604bd1241c0e9fdd
workflow:
    workflowVersion: 1.0.0
    speakeasyVersion: latest
    sources:
        FireHydrant-OAS:
            inputs:
                - location: registry.speakeasyapi.dev/firehydrant/firehydrant/firehydrant-oas:main
            overlays:
                - location: .speakeasy/overlay.mcp.yaml
            output: .speakeasy/openapi.output.yaml
            registry:
                location: registry.speakeasyapi.dev/firehydrant/firehydrant/fire-hydrant-mcp-oas
    targets:
        fire-hydrant:
            target: mcp-typescript
            source: FireHydrant-OAS
            publish:
                npm:
                    token: $npm_token
