speakeasyVersion: 1.581.0
sources:
    FireHydrant-OAS:
        sourceNamespace: fire-hydrant-mcp-oas
        sourceRevisionDigest: sha256:620092d6ade924f06dc2329d9f3f24c88d241ff5f73dad97c5622d9e6c0712aa
        sourceBlobDigest: sha256:f2a0e276fba4f12fdfd3bb7ad4705aaea6ee4b06b059f455ae3defa016b1f67e
        tags:
            - latest
            - 0.0.1
targets:
    fire-hydrant:
        source: FireHydrant-OAS
        sourceNamespace: fire-hydrant-mcp-oas
        sourceRevisionDigest: sha256:620092d6ade924f06dc2329d9f3f24c88d241ff5f73dad97c5622d9e6c0712aa
        sourceBlobDigest: sha256:f2a0e276fba4f12fdfd3bb7ad4705aaea6ee4b06b059f455ae3defa016b1f67e
workflow:
    workflowVersion: 1.0.0
    speakeasyVersion: latest
    sources:
        FireHydrant-OAS:
            inputs:
                - location: registry.speakeasyapi.dev/firehydrant/firehydrant/firehydrant-oas:main
            overlays:
                - location: .speakeasy/overlay.mcp.yaml
            output: .speakeasy/openapi.output.yaml
            registry:
                location: registry.speakeasyapi.dev/firehydrant/firehydrant/fire-hydrant-mcp-oas
    targets:
        fire-hydrant:
            target: mcp-typescript
            source: FireHydrant-OAS
            publish:
                npm:
                    token: $npm_token
