speakeasyVersion: 1.595.0
sources:
    FireHydrant-OAS:
        sourceNamespace: fire-hydrant-mcp-oas
        sourceRevisionDigest: sha256:01997d4495b19a91f11f8ab3f343566d01309d5019d49ffa001b094861550ec8
        sourceBlobDigest: sha256:bef23408f1253449089c771958895b6bdbe7e8980e95fc51d1b14f0bc1de9104
        tags:
            - latest
            - speakeasy-sdk-regen-1753747508
            - 0.0.1
targets:
    fire-hydrant:
        source: FireHydrant-OAS
        sourceNamespace: fire-hydrant-mcp-oas
        sourceRevisionDigest: sha256:01997d4495b19a91f11f8ab3f343566d01309d5019d49ffa001b094861550ec8
        sourceBlobDigest: sha256:bef23408f1253449089c771958895b6bdbe7e8980e95fc51d1b14f0bc1de9104
workflow:
    workflowVersion: 1.0.0
    speakeasyVersion: latest
    sources:
        FireHydrant-OAS:
            inputs:
                - location: registry.speakeasyapi.dev/firehydrant/firehydrant/firehydrant-oas:main
            overlays:
                - location: .speakeasy/overlay.mcp.yaml
            output: .speakeasy/openapi.output.yaml
            registry:
                location: registry.speakeasyapi.dev/firehydrant/firehydrant/fire-hydrant-mcp-oas
    targets:
        fire-hydrant:
            target: mcp-typescript
            source: FireHydrant-OAS
            publish:
                npm:
                    token: $npm_token
